// !$*UTF8*$!
{
	archiveVersion = 1;
	classes = {
	};
	objectVersion = 55;
	objects = {

/* Begin PBXBuildFile section */
		F1F33F07286295B500F3E880 /* AppDelegate.swift in Sources */ = {isa = PBXBuildFile; fileRef = F1F33F06286295B500F3E880 /* AppDelegate.swift */; };
		F1F33F09286295B500F3E880 /* SceneDelegate.swift in Sources */ = {isa = PBXBuildFile; fileRef = F1F33F08286295B500F3E880 /* SceneDelegate.swift */; };
		F1F33F0E286295B500F3E880 /* Main.storyboard in Resources */ = {isa = PBXBuildFile; fileRef = F1F33F0C286295B500F3E880 /* Main.storyboard */; };
		F1F33F10286295B700F3E880 /* Assets.xcassets in Resources */ = {isa = PBXBuildFile; fileRef = F1F33F0F286295B700F3E880 /* Assets.xcassets */; };
		F1F33F13286295B700F3E880 /* LaunchScreen.storyboard in Resources */ = {isa = PBXBuildFile; fileRef = F1F33F11286295B700F3E880 /* LaunchScreen.storyboard */; };
		F1F33F1E286295B700F3E880 /* HelloWordTests.swift in Sources */ = {isa = PBXBuildFile; fileRef = F1F33F1D286295B700F3E880 /* HelloWordTests.swift */; };
		F1F33F28286295B700F3E880 /* HelloWordUITests.swift in Sources */ = {isa = PBXBuildFile; fileRef = F1F33F27286295B700F3E880 /* HelloWordUITests.swift */; };
		F1F33F2A286295B700F3E880 /* HelloWordUITestsLaunchTests.swift in Sources */ = {isa = PBXBuildFile; fileRef = F1F33F29286295B700F3E880 /* HelloWordUITestsLaunchTests.swift */; };
		F1F33F37286295DB00F3E880 /* ViewController.swift in Sources */ = {isa = PBXBuildFile; fileRef = F1F33F36286295DB00F3E880 /* ViewController.swift */; };
/* End PBXBuildFile section */

/* Begin PBXContainerItemProxy section */
		F1F33F1A286295B700F3E880 /* PBXContainerItemProxy */ = {
			isa = PBXContainerItemProxy;
			containerPortal = F1F33EFB286295B500F3E880 /* Project object */;
			proxyType = 1;
			remoteGlobalIDString = F1F33F02286295B500F3E880;
			remoteInfo = HelloWord;
		};
		F1F33F24286295B700F3E880 /* PBXContainerItemProxy */ = {
			isa = PBXContainerItemProxy;
			containerPortal = F1F33EFB286295B500F3E880 /* Project object */;
			proxyType = 1;
			remoteGlobalIDString = F1F33F02286295B500F3E880;
			remoteInfo = HelloWord;
		};
/* End PBXContainerItemProxy section */

/* Begin PBXFileReference section */
		F1F33F03286295B500F3E880 /* HelloWord.app */ = {isa = PBXFileReference; explicitFileType = wrapper.application; includeInIndex = 0; path = HelloWord.app; sourceTree = BUILT_PRODUCTS_DIR; };
		F1F33F06286295B500F3E880 /* AppDelegate.swift */ = {isa = PBXFileReference; lastKnownFileType = sourcecode.swift; path = AppDelegate.swift; sourceTree = "<group>"; };
		F1F33F08286295B500F3E880 /* SceneDelegate.swift */ = {isa = PBXFileReference; lastKnownFileType = sourcecode.swift; path = SceneDelegate.swift; sourceTree = "<group>"; };
		F1F33F0D286295B500F3E880 /* Base */ = {isa = PBXFileReference; lastKnownFileType = file.storyboard; name = Base; path = Base.lproj/Main.storyboard; sourceTree = "<group>"; };
		F1F33F0F286295B700F3E880 /* Assets.xcassets */ = {isa = PBXFileReference; lastKnownFileType = folder.assetcatalog; path = Assets.xcassets; sourceTree = "<group>"; };
		F1F33F12286295B700F3E880 /* Base */ = {isa = PBXFileReference; lastKnownFileType = file.storyboard; name = Base; path = Base.lproj/LaunchScreen.storyboard; sourceTree = "<group>"; };
		F1F33F14286295B700F3E880 /* Info.plist */ = {isa = PBXFileReference; lastKnownFileType = text.plist.xml; path = Info.plist; sourceTree = "<group>"; };
		F1F33F19286295B700F3E880 /* HelloWordTests.xctest */ = {isa = PBXFileReference; explicitFileType = wrapper.cfbundle; includeInIndex = 0; path = HelloWordTests.xctest; sourceTree = BUILT_PRODUCTS_DIR; };
		F1F33F1D286295B700F3E880 /* HelloWordTests.swift */ = {isa = PBXFileReference; lastKnownFileType = sourcecode.swift; path = HelloWordTests.swift; sourceTree = "<group>"; };
		F1F33F23286295B700F3E880 /* HelloWordUITests.xctest */ = {isa = PBXFileReference; explicitFileType = wrapper.cfbundle; includeInIndex = 0; path = HelloWordUITests.xctest; sourceTree = BUILT_PRODUCTS_DIR; };
		F1F33F27286295B700F3E880 /* HelloWordUITests.swift */ = {isa = PBXFileReference; lastKnownFileType = sourcecode.swift; path = HelloWordUITests.swift; sourceTree = "<group>"; };
		F1F33F29286295B700F3E880 /* HelloWordUITestsLaunchTests.swift */ = {isa = PBXFileReference; lastKnownFileType = sourcecode.swift; path = HelloWordUITestsLaunchTests.swift; sourceTree = "<group>"; };
		F1F33F36286295DB00F3E880 /* ViewController.swift */ = {isa = PBXFileReference; lastKnownFileType = sourcecode.swift; path = ViewController.swift; sourceTree = "<group>"; };
/* End PBXFileReference section */

/* Begin PBXFrameworksBuildPhase section */
		F1F33F00286295B500F3E880 /* Frameworks */ = {
			isa = PBXFrameworksBuildPhase;
			buildActionMask = 2147483647;
			files = (
			);
			runOnlyForDeploymentPostprocessing = 0;
		};
		F1F33F16286295B700F3E880 /* Frameworks */ = {
			isa = PBXFrameworksBuildPhase;
			buildActionMask = 2147483647;
			files = (
			);
			runOnlyForDeploymentPostprocessing = 0;
		};
		F1F33F20286295B700F3E880 /* Frameworks */ = {
			isa = PBXFrameworksBuildPhase;
			buildActionMask = 2147483647;
			files = (
			);
			runOnlyForDeploymentPostprocessing = 0;
		};
/* End PBXFrameworksBuildPhase section */

/* Begin PBXGroup section */
		F1F33EFA286295B500F3E880 = {
			isa = PBXGroup;
			children = (
				F1F33F05286295B500F3E880 /* HelloWord */,
				F1F33F1C286295B700F3E880 /* HelloWordTests */,
				F1F33F26286295B700F3E880 /* HelloWordUITests */,
				F1F33F04286295B500F3E880 /* Products */,
			);
			sourceTree = "<group>";
		};
		F1F33F04286295B500F3E880 /* Products */ = {
			isa = PBXGroup;
			children = (
				F1F33F03286295B500F3E880 /* HelloWord.app */,
				F1F33F19286295B700F3E880 /* HelloWordTests.xctest */,
				F1F33F23286295B700F3E880 /* HelloWordUITests.xctest */,
			);
			name = Products;
			sourceTree = "<group>";
		};
		F1F33F05286295B500F3E880 /* HelloWord */ = {
			isa = PBXGroup;
			children = (
				F1F33F06286295B500F3E880 /* AppDelegate.swift */,
				F1F33F08286295B500F3E880 /* SceneDelegate.swift */,
				F1F33F36286295DB00F3E880 /* ViewController.swift */,
				F1F33F0C286295B500F3E880 /* Main.storyboard */,
				F1F33F0F286295B700F3E880 /* Assets.xcassets */,
				F1F33F11286295B700F3E880 /* LaunchScreen.storyboard */,
				F1F33F14286295B700F3E880 /* Info.plist */,
			);
			path = HelloWord;
			sourceTree = "<group>";
		};
		F1F33F1C286295B700F3E880 /* HelloWordTests */ = {
			isa = PBXGroup;
			children = (
				F1F33F1D286295B700F3E880 /* HelloWordTests.swift */,
			);
			path = HelloWordTests;
			sourceTree = "<group>";
		};
		F1F33F26286295B700F3E880 /* HelloWordUITests */ = {
			isa = PBXGroup;
			children = (
				F1F33F27286295B700F3E880 /* HelloWordUITests.swift */,
				F1F33F29286295B700F3E880 /* HelloWordUITestsLaunchTests.swift */,
			);
			path = HelloWordUITests;
			sourceTree = "<group>";
		};
/* End PBXGroup section */

/* Begin PBXNativeTarget section */
		F1F33F02286295B500F3E880 /* HelloWord */ = {
			isa = PBXNativeTarget;
			buildConfigurationList = F1F33F2D286295B700F3E880 /* Build configuration list for PBXNativeTarget "HelloWord" */;
			buildPhases = (
				F1F33EFF286295B500F3E880 /* Sources */,
				F1F33F00286295B500F3E880 /* Frameworks */,
				F1F33F01286295B500F3E880 /* Resources */,
			);
			buildRules = (
			);
			dependencies = (
			);
			name = HelloWord;
			productName = HelloWord;
			productReference = F1F33F03286295B500F3E880 /* HelloWord.app */;
			productType = "com.apple.product-type.application";
		};
		F1F33F18286295B700F3E880 /* HelloWordTests */ = {
			isa = PBXNativeTarget;
			buildConfigurationList = F1F33F30286295B700F3E880 /* Build configuration list for PBXNativeTarget "HelloWordTests" */;
			buildPhases = (
				F1F33F15286295B700F3E880 /* Sources */,
				F1F33F16286295B700F3E880 /* Frameworks */,
				F1F33F17286295B700F3E880 /* Resources */,
			);
			buildRules = (
			);
			dependencies = (
				F1F33F1B286295B700F3E880 /* PBXTargetDependency */,
			);
			name = HelloWordTests;
			productName = HelloWordTests;
			productReference = F1F33F19286295B700F3E880 /* HelloWordTests.xctest */;
			productType = "com.apple.product-type.bundle.unit-test";
		};
		F1F33F22286295B700F3E880 /* HelloWordUITests */ = {
			isa = PBXNativeTarget;
			buildConfigurationList = F1F33F33286295B700F3E880 /* Build configuration list for PBXNativeTarget "HelloWordUITests" */;
			buildPhases = (
				F1F33F1F286295B700F3E880 /* Sources */,
				F1F33F20286295B700F3E880 /* Frameworks */,
				F1F33F21286295B700F3E880 /* Resources */,
			);
			buildRules = (
			);
			dependencies = (
				F1F33F25286295B700F3E880 /* PBXTargetDependency */,
			);
			name = HelloWordUITests;
			productName = HelloWordUITests;
			productReference = F1F33F23286295B700F3E880 /* HelloWordUITests.xctest */;
			productType = "com.apple.product-type.bundle.ui-testing";
		};
/* End PBXNativeTarget section */

/* Begin PBXProject section */
		F1F33EFB286295B500F3E880 /* Project object */ = {
			isa = PBXProject;
			attributes = {
				BuildIndependentTargetsInParallel = 1;
				LastSwiftUpdateCheck = 1340;
				LastUpgradeCheck = 1340;
				TargetAttributes = {
					F1F33F02286295B500F3E880 = {
						CreatedOnToolsVersion = 13.4.1;
					};
					F1F33F18286295B700F3E880 = {
						CreatedOnToolsVersion = 13.4.1;
						TestTargetID = F1F33F02286295B500F3E880;
					};
					F1F33F22286295B700F3E880 = {
						CreatedOnToolsVersion = 13.4.1;
						TestTargetID = F1F33F02286295B500F3E880;
					};
				};
			};
			buildConfigurationList = F1F33EFE286295B500F3E880 /* Build configuration list for PBXProject "HelloWord" */;
			compatibilityVersion = "Xcode 13.0";
			developmentRegion = en;
			hasScannedForEncodings = 0;
			knownRegions = (
				en,
				Base,
			);
			mainGroup = F1F33EFA286295B500F3E880;
			productRefGroup = F1F33F04286295B500F3E880 /* Products */;
			projectDirPath = "";
			projectRoot = "";
			targets = (
				F1F33F02286295B500F3E880 /* HelloWord */,
				F1F33F18286295B700F3E880 /* HelloWordTests */,
				F1F33F22286295B700F3E880 /* HelloWordUITests */,
			);
		};
/* End PBXProject section */

/* Begin PBXResourcesBuildPhase section */
		F1F33F01286295B500F3E880 /* Resources */ = {
			isa = PBXResourcesBuildPhase;
			buildActionMask = 2147483647;
			files = (
				F1F33F13286295B700F3E880 /* LaunchScreen.storyboard in Resources */,
				F1F33F10286295B700F3E880 /* Assets.xcassets in Resources */,
				F1F33F0E286295B500F3E880 /* Main.storyboard in Resources */,
			);
			runOnlyForDeploymentPostprocessing = 0;
		};
		F1F33F17286295B700F3E880 /* Resources */ = {
			isa = PBXResourcesBuildPhase;
			buildActionMask = 2147483647;
			files = (
			);
			runOnlyForDeploymentPostprocessing = 0;
		};
		F1F33F21286295B700F3E880 /* Resources */ = {
			isa = PBXResourcesBuildPhase;
			buildActionMask = 2147483647;
			files = (
			);
			runOnlyForDeploymentPostprocessing = 0;
		};
/* End PBXResourcesBuildPhase section */

/* Begin PBXSourcesBuildPhase section */
		F1F33EFF286295B500F3E880 /* Sources */ = {
			isa = PBXSourcesBuildPhase;
			buildActionMask = 2147483647;
			files = (
				F1F33F37286295DB00F3E880 /* ViewController.swift in Sources */,
				F1F33F07286295B500F3E880 /* AppDelegate.swift in Sources */,
				F1F33F09286295B500F3E880 /* SceneDelegate.swift in Sources */,
			);
			runOnlyForDeploymentPostprocessing = 0;
		};
		F1F33F15286295B700F3E880 /* Sources */ = {
			isa = PBXSourcesBuildPhase;
			buildActionMask = 2147483647;
			files = (
				F1F33F1E286295B700F3E880 /* HelloWordTests.swift in Sources */,
			);
			runOnlyForDeploymentPostprocessing = 0;
		};
		F1F33F1F286295B700F3E880 /* Sources */ = {
			isa = PBXSourcesBuildPhase;
			buildActionMask = 2147483647;
			files = (
				F1F33F28286295B700F3E880 /* HelloWordUITests.swift in Sources */,
				F1F33F2A286295B700F3E880 /* HelloWordUITestsLaunchTests.swift in Sources */,
			);
			runOnlyForDeploymentPostprocessing = 0;
		};
/* End PBXSourcesBuildPhase section */

/* Begin PBXTargetDependency section */
		F1F33F1B286295B700F3E880 /* PBXTargetDependency */ = {
			isa = PBXTargetDependency;
			target = F1F33F02286295B500F3E880 /* HelloWord */;
			targetProxy = F1F33F1A286295B700F3E880 /* PBXContainerItemProxy */;
		};
		F1F33F25286295B700F3E880 /* PBXTargetDependency */ = {
			isa = PBXTargetDependency;
			target = F1F33F02286295B500F3E880 /* HelloWord */;
			targetProxy = F1F33F24286295B700F3E880 /* PBXContainerItemProxy */;
		};
/* End PBXTargetDependency section */

/* Begin PBXVariantGroup section */
		F1F33F0C286295B500F3E880 /* Main.storyboard */ = {
			isa = PBXVariantGroup;
			children = (
				F1F33F0D286295B500F3E880 /* Base */,
			);
			name = Main.storyboard;
			sourceTree = "<group>";
		};
		F1F33F11286295B700F3E880 /* LaunchScreen.storyboard */ = {
			isa = PBXVariantGroup;
			children = (
				F1F33F12286295B700F3E880 /* Base */,
			);
			name = LaunchScreen.storyboard;
			sourceTree = "<group>";
		};
/* End PBXVariantGroup section */

/* Begin XCBuildConfiguration section */
		F1F33F2B286295B700F3E880 /* Debug */ = {
			isa = XCBuildConfiguration;
			buildSettings = {
				ALWAYS_SEARCH_USER_PATHS = NO;
				CLANG_ANALYZER_NONNULL = YES;
				CLANG_ANALYZER_NUMBER_OBJECT_CONVERSION = YES_AGGRESSIVE;
				CLANG_CXX_LANGUAGE_STANDARD = "gnu++17";
				CLANG_ENABLE_MODULES = YES;
				CLANG_ENABLE_OBJC_ARC = YES;
				CLANG_ENABLE_OBJC_WEAK = YES;
				CLANG_WARN_BLOCK_CAPTURE_AUTORELEASING = YES;
				CLANG_WARN_BOOL_CONVERSION = YES;
				CLANG_WARN_COMMA = YES;
				CLANG_WARN_CONSTANT_CONVERSION = YES;
				CLANG_WARN_DEPRECATED_OBJC_IMPLEMENTATIONS = YES;
				CLANG_WARN_DIRECT_OBJC_ISA_USAGE = YES_ERROR;
				CLANG_WARN_DOCUMENTATION_COMMENTS = YES;
				CLANG_WARN_EMPTY_BODY = YES;
				CLANG_WARN_ENUM_CONVERSION = YES;
				CLANG_WARN_INFINITE_RECURSION = YES;
				CLANG_WARN_INT_CONVERSION = YES;
				CLANG_WARN_NON_LITERAL_NULL_CONVERSION = YES;
				CLANG_WARN_OBJC_IMPLICIT_RETAIN_SELF = YES;
				CLANG_WARN_OBJC_LITERAL_CONVERSION = YES;
				CLANG_WARN_OBJC_ROOT_CLASS = YES_ERROR;
				CLANG_WARN_QUOTED_INCLUDE_IN_FRAMEWORK_HEADER = YES;
				CLANG_WARN_RANGE_LOOP_ANALYSIS = YES;
				CLANG_WARN_STRICT_PROTOTYPES = YES;
				CLANG_WARN_SUSPICIOUS_MOVE = YES;
				CLANG_WARN_UNGUARDED_AVAILABILITY = YES_AGGRESSIVE;
				CLANG_WARN_UNREACHABLE_CODE = YES;
				CLANG_WARN__DUPLICATE_METHOD_MATCH = YES;
				COPY_PHASE_STRIP = NO;
				DEBUG_INFORMATION_FORMAT = dwarf;
				ENABLE_STRICT_OBJC_MSGSEND = YES;
				ENABLE_TESTABILITY = YES;
				GCC_C_LANGUAGE_STANDARD = gnu11;
				GCC_DYNAMIC_NO_PIC = NO;
				GCC_NO_COMMON_BLOCKS = YES;
				GCC_OPTIMIZATION_LEVEL = 0;
				GCC_PREPROCESSOR_DEFINITIONS = (
					"DEBUG=1",
					"$(inherited)",
				);
				GCC_WARN_64_TO_32_BIT_CONVERSION = YES;
				GCC_WARN_ABOUT_RETURN_TYPE = YES_ERROR;
				GCC_WARN_UNDECLARED_SELECTOR = YES;
				GCC_WARN_UNINITIALIZED_AUTOS = YES_AGGRESSIVE;
				GCC_WARN_UNUSED_FUNCTION = YES;
				GCC_WARN_UNUSED_VARIABLE = YES;
				IPHONEOS_DEPLOYMENT_TARGET = 15.5;
				MTL_ENABLE_DEBUG_INFO = INCLUDE_SOURCE;
				MTL_FAST_MATH = YES;
				ONLY_ACTIVE_ARCH = YES;
				SDKROOT = iphoneos;
				SWIFT_ACTIVE_COMPILATION_CONDITIONS = DEBUG;
				SWIFT_OPTIMIZATION_LEVEL = "-Onone";
			};
			name = Debug;
		};
		F1F33F2C286295B700F3E880 /* Release */ = {
			isa = XCBuildConfiguration;
			buildSettings = {
				ALWAYS_SEARCH_USER_PATHS = NO;
				CLANG_ANALYZER_NONNULL = YES;
				CLANG_ANALYZER_NUMBER_OBJECT_CONVERSION = YES_AGGRESSIVE;
				CLANG_CXX_LANGUAGE_STANDARD = "gnu++17";
				CLANG_ENABLE_MODULES = YES;
				CLANG_ENABLE_OBJC_ARC = YES;
				CLANG_ENABLE_OBJC_WEAK = YES;
				CLANG_WARN_BLOCK_CAPTURE_AUTORELEASING = YES;
				CLANG_WARN_BOOL_CONVERSION = YES;
				CLANG_WARN_COMMA = YES;
				CLANG_WARN_CONSTANT_CONVERSION = YES;
				CLANG_WARN_DEPRECATED_OBJC_IMPLEMENTATIONS = YES;
				CLANG_WARN_DIRECT_OBJC_ISA_USAGE = YES_ERROR;
				CLANG_WARN_DOCUMENTATION_COMMENTS = YES;
				CLANG_WARN_EMPTY_BODY = YES;
				CLANG_WARN_ENUM_CONVERSION = YES;
				CLANG_WARN_INFINITE_RECURSION = YES;
				CLANG_WARN_INT_CONVERSION = YES;
				CLANG_WARN_NON_LITERAL_NULL_CONVERSION = YES;
				CLANG_WARN_OBJC_IMPLICIT_RETAIN_SELF = YES;
				CLANG_WARN_OBJC_LITERAL_CONVERSION = YES;
				CLANG_WARN_OBJC_ROOT_CLASS = YES_ERROR;
				CLANG_WARN_QUOTED_INCLUDE_IN_FRAMEWORK_HEADER = YES;
				CLANG_WARN_RANGE_LOOP_ANALYSIS = YES;
				CLANG_WARN_STRICT_PROTOTYPES = YES;
				CLANG_WARN_SUSPICIOUS_MOVE = YES;
				CLANG_WARN_UNGUARDED_AVAILABILITY = YES_AGGRESSIVE;
				CLANG_WARN_UNREACHABLE_CODE = YES;
				CLANG_WARN__DUPLICATE_METHOD_MATCH = YES;
				COPY_PHASE_STRIP = NO;
				DEBUG_INFORMATION_FORMAT = "dwarf-with-dsym";
				ENABLE_NS_ASSERTIONS = NO;
				ENABLE_STRICT_OBJC_MSGSEND = YES;
				GCC_C_LANGUAGE_STANDARD = gnu11;
				GCC_NO_COMMON_BLOCKS = YES;
				GCC_WARN_64_TO_32_BIT_CONVERSION = YES;
				GCC_WARN_ABOUT_RETURN_TYPE = YES_ERROR;
				GCC_WARN_UNDECLARED_SELECTOR = YES;
				GCC_WARN_UNINITIALIZED_AUTOS = YES_AGGRESSIVE;
				GCC_WARN_UNUSED_FUNCTION = YES;
				GCC_WARN_UNUSED_VARIABLE = YES;
				IPHONEOS_DEPLOYMENT_TARGET = 15.5;
				MTL_ENABLE_DEBUG_INFO = NO;
				MTL_FAST_MATH = YES;
				SDKROOT = iphoneos;
				SWIFT_COMPILATION_MODE = wholemodule;
				SWIFT_OPTIMIZATION_LEVEL = "-O";
				VALIDATE_PRODUCT = YES;
			};
			name = Release;
		};
		F1F33F2E286295B700F3E880 /* Debug */ = {
			isa = XCBuildConfiguration;
			buildSettings = {
				ASSETCATALOG_COMPILER_APPICON_NAME = AppIcon;
				ASSETCATALOG_COMPILER_GLOBAL_ACCENT_COLOR_NAME = AccentColor;
				CODE_SIGN_STYLE = Automatic;
				CURRENT_PROJECT_VERSION = 1;
				DEVELOPMENT_TEAM = M3J44TXP2P;
				GENERATE_INFOPLIST_FILE = YES;
				INFOPLIST_FILE = HelloWord/Info.plist;
				INFOPLIST_KEY_UIApplicationSupportsIndirectInputEvents = YES;
				INFOPLIST_KEY_UILaunchStoryboardName = LaunchScreen;
				INFOPLIST_KEY_UIMainStoryboardFile = Main;
				INFOPLIST_KEY_UISupportedInterfaceOrientations_iPad = "UIInterfaceOrientationPortrait UIInterfaceOrientationPortraitUpsideDown UIInterfaceOrientationLandscapeLeft UIInterfaceOrientationLandscapeRight";
				INFOPLIST_KEY_UISupportedInterfaceOrientations_iPhone = "UIInterfaceOrientationPortrait UIInterfaceOrientationLandscapeLeft UIInterfaceOrientationLandscapeRight";
				LD_RUNPATH_SEARCH_PATHS = (
					"$(inherited)",
					"@executable_path/Frameworks",
				);
				MARKETING_VERSION = 1.0;
				PRODUCT_BUNDLE_IDENTIFIER = br.com.Caiothom.HelloWord;
				PRODUCT_NAME = "$(TARGET_NAME)";
				SWIFT_EMIT_LOC_STRINGS = YES;
				SWIFT_VERSION = 5.0;
				TARGETED_DEVICE_FAMILY = "1,2";
			};
			name = Debug;
		};
		F1F33F2F286295B700F3E880 /* Release */ = {
			isa = XCBuildConfiguration;
			buildSettings = {
				ASSETCATALOG_COMPILER_APPICON_NAME = AppIcon;
				ASSETCATALOG_COMPILER_GLOBAL_ACCENT_COLOR_NAME = AccentColor;
				CODE_SIGN_STYLE = Automatic;
				CURRENT_PROJECT_VERSION = 1;
				DEVELOPMENT_TEAM = M3J44TXP2P;
				GENERATE_INFOPLIST_FILE = YES;
				INFOPLIST_FILE = HelloWord/Info.plist;
				INFOPLIST_KEY_UIApplicationSupportsIndirectInputEvents = YES;
				INFOPLIST_KEY_UILaunchStoryboardName = LaunchScreen;
				INFOPLIST_KEY_UIMainStoryboardFile = Main;
				INFOPLIST_KEY_UISupportedInterfaceOrientations_iPad = "UIInterfaceOrientationPortrait UIInterfaceOrientationPortraitUpsideDown UIInterfaceOrientationLandscapeLeft UIInterfaceOrientationLandscapeRight";
				INFOPLIST_KEY_UISupportedInterfaceOrientations_iPhone = "UIInterfaceOrientationPortrait UIInterfaceOrientationLandscapeLeft UIInterfaceOrientationLandscapeRight";
				LD_RUNPATH_SEARCH_PATHS = (
					"$(inherited)",
					"@executable_path/Frameworks",
				);
				MARKETING_VERSION = 1.0;
				PRODUCT_BUNDLE_IDENTIFIER = br.com.Caiothom.HelloWord;
				PRODUCT_NAME = "$(TARGET_NAME)";
				SWIFT_EMIT_LOC_STRINGS = YES;
				SWIFT_VERSION = 5.0;
				TARGETED_DEVICE_FAMILY = "1,2";
			};
			name = Release;
		};
		F1F33F31286295B700F3E880 /* Debug */ = {
			isa = XCBuildConfiguration;
			buildSettings = {
				ALWAYS_EMBED_SWIFT_STANDARD_LIBRARIES = YES;
				BUNDLE_LOADER = "$(TEST_HOST)";
				CODE_SIGN_STYLE = Automatic;
				CURRENT_PROJECT_VERSION = 1;
				DEVELOPMENT_TEAM = M3J44TXP2P;
				GENERATE_INFOPLIST_FILE = YES;
				IPHONEOS_DEPLOYMENT_TARGET = 15.5;
				MARKETING_VERSION = 1.0;
				PRODUCT_BUNDLE_IDENTIFIER = br.com.Caiothom.HelloWordTests;
				PRODUCT_NAME = "$(TARGET_NAME)";
				SWIFT_EMIT_LOC_STRINGS = NO;
				SWIFT_VERSION = 5.0;
				TARGETED_DEVICE_FAMILY = "1,2";
				TEST_HOST = "$(BUILT_PRODUCTS_DIR)/HelloWord.app/HelloWord";
			};
			name = Debug;
		};
		F1F33F32286295B700F3E880 /* Release */ = {
			isa = XCBuildConfiguration;
			buildSettings = {
				ALWAYS_EMBED_SWIFT_STANDARD_LIBRARIES = YES;
				BUNDLE_LOADER = "$(TEST_HOST)";
				CODE_SIGN_STYLE = Automatic;
				CURRENT_PROJECT_VERSION = 1;
				DEVELOPMENT_TEAM = M3J44TXP2P;
				GENERATE_INFOPLIST_FILE = YES;
				IPHONEOS_DEPLOYMENT_TARGET = 15.5;
				MARKETING_VERSION = 1.0;
				PRODUCT_BUNDLE_IDENTIFIER = br.com.Caiothom.HelloWordTests;
				PRODUCT_NAME = "$(TARGET_NAME)";
				SWIFT_EMIT_LOC_STRINGS = NO;
				SWIFT_VERSION = 5.0;
				TARGETED_DEVICE_FAMILY = "1,2";
				TEST_HOST = "$(BUILT_PRODUCTS_DIR)/HelloWord.app/HelloWord";
			};
			name = Release;
		};
		F1F33F34286295B700F3E880 /* Debug */ = {
			isa = XCBuildConfiguration;
			buildSettings = {
				ALWAYS_EMBED_SWIFT_STANDARD_LIBRARIES = YES;
				CODE_SIGN_STYLE = Automatic;
				CURRENT_PROJECT_VERSION = 1;
				DEVELOPMENT_TEAM = M3J44TXP2P;
				GENERATE_INFOPLIST_FILE = YES;
				MARKETING_VERSION = 1.0;
				PRODUCT_BUNDLE_IDENTIFIER = br.com.Caiothom.HelloWordUITests;
				PRODUCT_NAME = "$(TARGET_NAME)";
				SWIFT_EMIT_LOC_STRINGS = NO;
				SWIFT_VERSION = 5.0;
				TARGETED_DEVICE_FAMILY = "1,2";
				TEST_TARGET_NAME = HelloWord;
			};
			name = Debug;
		};
		F1F33F35286295B700F3E880 /* Release */ = {
			isa = XCBuildConfiguration;
			buildSettings = {
				ALWAYS_EMBED_SWIFT_STANDARD_LIBRARIES = YES;
				CODE_SIGN_STYLE = Automatic;
				CURRENT_PROJECT_VERSION = 1;
				DEVELOPMENT_TEAM = M3J44TXP2P;
				GENERATE_INFOPLIST_FILE = YES;
				MARKETING_VERSION = 1.0;
				PRODUCT_BUNDLE_IDENTIFIER = br.com.Caiothom.HelloWordUITests;
				PRODUCT_NAME = "$(TARGET_NAME)";
				SWIFT_EMIT_LOC_STRINGS = NO;
				SWIFT_VERSION = 5.0;
				TARGETED_DEVICE_FAMILY = "1,2";
				TEST_TARGET_NAME = HelloWord;
			};
			name = Release;
		};
/* End XCBuildConfiguration section */

/* Begin XCConfigurationList section */
		F1F33EFE286295B500F3E880 /* Build configuration list for PBXProject "HelloWord" */ = {
			isa = XCConfigurationList;
			buildConfigurations = (
				F1F33F2B286295B700F3E880 /* Debug */,
				F1F33F2C286295B700F3E880 /* Release */,
			);
			defaultConfigurationIsVisible = 0;
			defaultConfigurationName = Release;
		};
		F1F33F2D286295B700F3E880 /* Build configuration list for PBXNativeTarget "HelloWord" */ = {
			isa = XCConfigurationList;
			buildConfigurations = (
				F1F33F2E286295B700F3E880 /* Debug */,
				F1F33F2F286295B700F3E880 /* Release */,
			);
			defaultConfigurationIsVisible = 0;
			defaultConfigurationName = Release;
		};
		F1F33F30286295B700F3E880 /* Build configuration list for PBXNativeTarget "HelloWordTests" */ = {
			isa = XCConfigurationList;
			buildConfigurations = (
				F1F33F31286295B700F3E880 /* Debug */,
				F1F33F32286295B700F3E880 /* Release */,
			);
			defaultConfigurationIsVisible = 0;
			defaultConfigurationName = Release;
		};
		F1F33F33286295B700F3E880 /* Build configuration list for PBXNativeTarget "HelloWordUITests" */ = {
			isa = XCConfigurationList;
			buildConfigurations = (
				F1F33F34286295B700F3E880 /* Debug */,
				F1F33F35286295B700F3E880 /* Release */,
			);
			defaultConfigurationIsVisible = 0;
			defaultConfigurationName = Release;
		};
/* End XCConfigurationList section */
	};
	rootObject = F1F33EFB286295B500F3E880 /* Project object */;
}
